PODS:
  - DropDown (2.3.13)
  - IQKeyboardManagerSwift (6.3.0)

DEPENDENCIES:
  - DropDown
  - IQKeyboardManagerSwift (>= 6.0.4)

SPEC REPOS:
  https://github.com/cocoapods/specs.git:
    - DropDown
    - IQKeyboardManagerSwift

SPEC CHECKSUMS:
  DropDown: 8a2116376c1981888557f72ec2ffc9a5e0e456ec
  IQKeyboardManagerSwift: a8228c257614af98743b4cd8584637025f36358f

PODFILE CHECKSUM: e1f55894eec6d8acabb5cc6ff64286fdf47ff746

COCOAPODS: 1.5.3
